// !$*UTF8*$!
{
	archiveVersion = 1;
	classes = {
	};
	objectVersion = 53;
	objects = {

/* Begin PBXBuildFile section */
		361BB3B82A03A819002E39AE /* NSBundle+PickerView.m in Sources */ = {isa = PBXBuildFile; fileRef = 361BB3B72A03A819002E39AE /* NSBundle+PickerView.m */; };
		361BB3BA2A03A9BB002E39AE /* TFY_PickerView.bundle in Resources */ = {isa = PBXBuildFile; fileRef = 361BB3B92A03A9BB002E39AE /* TFY_PickerView.bundle */; };
		361BB3BD2A03A9EE002E39AE /* TFY_PickerStyle.m in Sources */ = {isa = PBXBuildFile; fileRef = 361BB3BC2A03A9EE002E39AE /* TFY_PickerStyle.m */; };
		361BB3C02A03B139002E39AE /* TFY_DatePickerView+picker.m in Sources */ = {isa = PBXBuildFile; fileRef = 361BB3BF2A03B139002E39AE /* TFY_DatePickerView+picker.m */; };
		361BB3C32A03B750002E39AE /* TFY_ResultModel.m in Sources */ = {isa = PBXBuildFile; fileRef = 361BB3C22A03B750002E39AE /* TFY_ResultModel.m */; };
		3655DA6D22951D94001CAE7B /* Main.storyboard in Resources */ = {isa = PBXBuildFile; fileRef = 3655DA6B22951D94001CAE7B /* Main.storyboard */; };
		3655DA6F22951D94001CAE7B /* Assets.xcassets in Resources */ = {isa = PBXBuildFile; fileRef = 3655DA6E22951D94001CAE7B /* Assets.xcassets */; };
		3655DA7222951D94001CAE7B /* LaunchScreen.storyboard in Resources */ = {isa = PBXBuildFile; fileRef = 3655DA7022951D94001CAE7B /* LaunchScreen.storyboard */; };
		3655DA7522951D94001CAE7B /* main.m in Sources */ = {isa = PBXBuildFile; fileRef = 3655DA7422951D94001CAE7B /* main.m */; };
		3655DA7F22951D95001CAE7B /* TFY_PickerViewTests.m in Sources */ = {isa = PBXBuildFile; fileRef = 3655DA7E22951D95001CAE7B /* TFY_PickerViewTests.m */; };
		3655DA8A22951D95001CAE7B /* TFY_PickerViewUITests.m in Sources */ = {isa = PBXBuildFile; fileRef = 3655DA8922951D95001CAE7B /* TFY_PickerViewUITests.m */; };
		3655DAAD22951E12001CAE7B /* ViewController.m in Sources */ = {isa = PBXBuildFile; fileRef = 3655DA9822951E12001CAE7B /* ViewController.m */; };
		3655DAB022951E12001CAE7B /* TFY_CityBundle.bundle in Resources */ = {isa = PBXBuildFile; fileRef = 3655DAA322951E12001CAE7B /* TFY_CityBundle.bundle */; };
		3655DAB522951E12001CAE7B /* AppDelegate.m in Sources */ = {isa = PBXBuildFile; fileRef = 3655DAAC22951E12001CAE7B /* AppDelegate.m */; };
		5670F51F2466826700B16011 /* TFY_BaseView.m in Sources */ = {isa = PBXBuildFile; fileRef = 5670F50F2466826700B16011 /* TFY_BaseView.m */; };
		5670F5202466826700B16011 /* TFY_DatePickerView.m in Sources */ = {isa = PBXBuildFile; fileRef = 5670F5122466826700B16011 /* TFY_DatePickerView.m */; };
		5670F5212466826700B16011 /* NSDate+TFY_PickerView.m in Sources */ = {isa = PBXBuildFile; fileRef = 5670F5142466826700B16011 /* NSDate+TFY_PickerView.m */; };
		5670F5222466826700B16011 /* TFY_StringPickerView.m in Sources */ = {isa = PBXBuildFile; fileRef = 5670F5172466826700B16011 /* TFY_StringPickerView.m */; };
		5670F5242466826700B16011 /* TFY_AddressPickerView.m in Sources */ = {isa = PBXBuildFile; fileRef = 5670F51B2466826700B16011 /* TFY_AddressPickerView.m */; };
		5670F5252466826700B16011 /* TFY_AddressModel.m in Sources */ = {isa = PBXBuildFile; fileRef = 5670F51E2466826700B16011 /* TFY_AddressModel.m */; };
/* End PBXBuildFile section */

/* Begin PBXContainerItemProxy section */
		3655DA7B22951D95001CAE7B /* PBXContainerItemProxy */ = {
			isa = PBXContainerItemProxy;
			containerPortal = 3655DA5A22951D93001CAE7B /* Project object */;
			proxyType = 1;
			remoteGlobalIDString = 3655DA6122951D93001CAE7B;
			remoteInfo = TFY_PickerView;
		};
		3655DA8622951D95001CAE7B /* PBXContainerItemProxy */ = {
			isa = PBXContainerItemProxy;
			containerPortal = 3655DA5A22951D93001CAE7B /* Project object */;
			proxyType = 1;
			remoteGlobalIDString = 3655DA6122951D93001CAE7B;
			remoteInfo = TFY_PickerView;
		};
/* End PBXContainerItemProxy section */

/* Begin PBXFileReference section */
		361BB3B62A03A819002E39AE /* NSBundle+PickerView.h */ = {isa = PBXFileReference; lastKnownFileType = sourcecode.c.h; path = "NSBundle+PickerView.h"; sourceTree = "<group>"; };
		361BB3B72A03A819002E39AE /* NSBundle+PickerView.m */ = {isa = PBXFileReference; lastKnownFileType = sourcecode.c.objc; path = "NSBundle+PickerView.m"; sourceTree = "<group>"; };
		361BB3B92A03A9BB002E39AE /* TFY_PickerView.bundle */ = {isa = PBXFileReference; lastKnownFileType = "wrapper.plug-in"; path = TFY_PickerView.bundle; sourceTree = "<group>"; };
		361BB3BB2A03A9EE002E39AE /* TFY_PickerStyle.h */ = {isa = PBXFileReference; lastKnownFileType = sourcecode.c.h; path = TFY_PickerStyle.h; sourceTree = "<group>"; };
		361BB3BC2A03A9EE002E39AE /* TFY_PickerStyle.m */ = {isa = PBXFileReference; lastKnownFileType = sourcecode.c.objc; path = TFY_PickerStyle.m; sourceTree = "<group>"; };
		361BB3BE2A03B139002E39AE /* TFY_DatePickerView+picker.h */ = {isa = PBXFileReference; lastKnownFileType = sourcecode.c.h; path = "TFY_DatePickerView+picker.h"; sourceTree = "<group>"; };
		361BB3BF2A03B139002E39AE /* TFY_DatePickerView+picker.m */ = {isa = PBXFileReference; lastKnownFileType = sourcecode.c.objc; path = "TFY_DatePickerView+picker.m"; sourceTree = "<group>"; };
		361BB3C12A03B750002E39AE /* TFY_ResultModel.h */ = {isa = PBXFileReference; lastKnownFileType = sourcecode.c.h; path = TFY_ResultModel.h; sourceTree = "<group>"; };
		361BB3C22A03B750002E39AE /* TFY_ResultModel.m */ = {isa = PBXFileReference; lastKnownFileType = sourcecode.c.objc; path = TFY_ResultModel.m; sourceTree = "<group>"; };
		3638B05B25087F8000F71DC7 /* TFY_PickerView.h */ = {isa = PBXFileReference; lastKnownFileType = sourcecode.c.h; path = TFY_PickerView.h; sourceTree = "<group>"; };
		3655DA6222951D93001CAE7B /* TFY_PickerView.app */ = {isa = PBXFileReference; explicitFileType = wrapper.application; includeInIndex = 0; path = TFY_PickerView.app; sourceTree = BUILT_PRODUCTS_DIR; };
		3655DA6C22951D94001CAE7B /* Base */ = {isa = PBXFileReference; lastKnownFileType = file.storyboard; name = Base; path = Base.lproj/Main.storyboard; sourceTree = "<group>"; };
		3655DA6E22951D94001CAE7B /* Assets.xcassets */ = {isa = PBXFileReference; lastKnownFileType = folder.assetcatalog; path = Assets.xcassets; sourceTree = "<group>"; };
		3655DA7122951D94001CAE7B /* Base */ = {isa = PBXFileReference; lastKnownFileType = file.storyboard; name = Base; path = Base.lproj/LaunchScreen.storyboard; sourceTree = "<group>"; };
		3655DA7322951D94001CAE7B /* Info.plist */ = {isa = PBXFileReference; lastKnownFileType = text.plist.xml; path = Info.plist; sourceTree = "<group>"; };
		3655DA7422951D94001CAE7B /* main.m */ = {isa = PBXFileReference; lastKnownFileType = sourcecode.c.objc; path = main.m; sourceTree = "<group>"; };
		3655DA7A22951D95001CAE7B /* TFY_PickerViewTests.xctest */ = {isa = PBXFileReference; explicitFileType = wrapper.cfbundle; includeInIndex = 0; path = TFY_PickerViewTests.xctest; sourceTree = BUILT_PRODUCTS_DIR; };
		3655DA7E22951D95001CAE7B /* TFY_PickerViewTests.m */ = {isa = PBXFileReference; lastKnownFileType = sourcecode.c.objc; path = TFY_PickerViewTests.m; sourceTree = "<group>"; };
		3655DA8022951D95001CAE7B /* Info.plist */ = {isa = PBXFileReference; lastKnownFileType = text.plist.xml; path = Info.plist; sourceTree = "<group>"; };
		3655DA8522951D95001CAE7B /* TFY_PickerViewUITests.xctest */ = {isa = PBXFileReference; explicitFileType = wrapper.cfbundle; includeInIndex = 0; path = TFY_PickerViewUITests.xctest; sourceTree = BUILT_PRODUCTS_DIR; };
		3655DA8922951D95001CAE7B /* TFY_PickerViewUITests.m */ = {isa = PBXFileReference; lastKnownFileType = sourcecode.c.objc; path = TFY_PickerViewUITests.m; sourceTree = "<group>"; };
		3655DA8B22951D95001CAE7B /* Info.plist */ = {isa = PBXFileReference; lastKnownFileType = text.plist.xml; path = Info.plist; sourceTree = "<group>"; };
		3655DA9822951E12001CAE7B /* ViewController.m */ = {isa = PBXFileReference; fileEncoding = 4; lastKnownFileType = sourcecode.c.objc; path = ViewController.m; sourceTree = "<group>"; };
		3655DA9922951E12001CAE7B /* ViewController.h */ = {isa = PBXFileReference; fileEncoding = 4; lastKnownFileType = sourcecode.c.h; path = ViewController.h; sourceTree = "<group>"; };
		3655DAA322951E12001CAE7B /* TFY_CityBundle.bundle */ = {isa = PBXFileReference; lastKnownFileType = "wrapper.plug-in"; path = TFY_CityBundle.bundle; sourceTree = "<group>"; };
		3655DAAB22951E12001CAE7B /* AppDelegate.h */ = {isa = PBXFileReference; fileEncoding = 4; lastKnownFileType = sourcecode.c.h; path = AppDelegate.h; sourceTree = "<group>"; };
		3655DAAC22951E12001CAE7B /* AppDelegate.m */ = {isa = PBXFileReference; fileEncoding = 4; lastKnownFileType = sourcecode.c.objc; path = AppDelegate.m; sourceTree = "<group>"; };
		5670F50D2466826700B16011 /* TFY_PickerViewMacro.h */ = {isa = PBXFileReference; fileEncoding = 4; lastKnownFileType = sourcecode.c.h; path = TFY_PickerViewMacro.h; sourceTree = "<group>"; };
		5670F50E2466826700B16011 /* TFY_BaseView.h */ = {isa = PBXFileReference; fileEncoding = 4; lastKnownFileType = sourcecode.c.h; path = TFY_BaseView.h; sourceTree = "<group>"; };
		5670F50F2466826700B16011 /* TFY_BaseView.m */ = {isa = PBXFileReference; fileEncoding = 4; lastKnownFileType = sourcecode.c.objc; path = TFY_BaseView.m; sourceTree = "<group>"; };
		5670F5112466826700B16011 /* NSDate+TFY_PickerView.h */ = {isa = PBXFileReference; fileEncoding = 4; lastKnownFileType = sourcecode.c.h; path = "NSDate+TFY_PickerView.h"; sourceTree = "<group>"; };
		5670F5122466826700B16011 /* TFY_DatePickerView.m */ = {isa = PBXFileReference; fileEncoding = 4; lastKnownFileType = sourcecode.c.objc; path = TFY_DatePickerView.m; sourceTree = "<group>"; };
		5670F5132466826700B16011 /* TFY_DatePickerView.h */ = {isa = PBXFileReference; fileEncoding = 4; lastKnownFileType = sourcecode.c.h; path = TFY_DatePickerView.h; sourceTree = "<group>"; };
		5670F5142466826700B16011 /* NSDate+TFY_PickerView.m */ = {isa = PBXFileReference; fileEncoding = 4; lastKnownFileType = sourcecode.c.objc; path = "NSDate+TFY_PickerView.m"; sourceTree = "<group>"; };
		5670F5162466826700B16011 /* TFY_StringPickerView.h */ = {isa = PBXFileReference; fileEncoding = 4; lastKnownFileType = sourcecode.c.h; path = TFY_StringPickerView.h; sourceTree = "<group>"; };
		5670F5172466826700B16011 /* TFY_StringPickerView.m */ = {isa = PBXFileReference; fileEncoding = 4; lastKnownFileType = sourcecode.c.objc; path = TFY_StringPickerView.m; sourceTree = "<group>"; };
		5670F5192466826700B16011 /* TFY_AddressModel.h */ = {isa = PBXFileReference; fileEncoding = 4; lastKnownFileType = sourcecode.c.h; path = TFY_AddressModel.h; sourceTree = "<group>"; };
		5670F51B2466826700B16011 /* TFY_AddressPickerView.m */ = {isa = PBXFileReference; fileEncoding = 4; lastKnownFileType = sourcecode.c.objc; path = TFY_AddressPickerView.m; sourceTree = "<group>"; };
		5670F51C2466826700B16011 /* TFY_AddressPickerView.h */ = {isa = PBXFileReference; fileEncoding = 4; lastKnownFileType = sourcecode.c.h; path = TFY_AddressPickerView.h; sourceTree = "<group>"; };
		5670F51E2466826700B16011 /* TFY_AddressModel.m */ = {isa = PBXFileReference; fileEncoding = 4; lastKnownFileType = sourcecode.c.objc; path = TFY_AddressModel.m; sourceTree = "<group>"; };
/* End PBXFileReference section */

/* Begin PBXFrameworksBuildPhase section */
		3655DA5F22951D93001CAE7B /* Frameworks */ = {
			isa = PBXFrameworksBuildPhase;
			buildActionMask = 2147483647;
			files = (
			);
			runOnlyForDeploymentPostprocessing = 0;
		};
		3655DA7722951D95001CAE7B /* Frameworks */ = {
			isa = PBXFrameworksBuildPhase;
			buildActionMask = 2147483647;
			files = (
			);
			runOnlyForDeploymentPostprocessing = 0;
		};
		3655DA8222951D95001CAE7B /* Frameworks */ = {
			isa = PBXFrameworksBuildPhase;
			buildActionMask = 2147483647;
			files = (
			);
			runOnlyForDeploymentPostprocessing = 0;
		};
/* End PBXFrameworksBuildPhase section */

/* Begin PBXGroup section */
		3655DA5922951D93001CAE7B = {
			isa = PBXGroup;
			children = (
				3655DA6422951D93001CAE7B /* TFY_PickerView */,
				3655DA7D22951D95001CAE7B /* TFY_PickerViewTests */,
				3655DA8822951D95001CAE7B /* TFY_PickerViewUITests */,
				3655DA6322951D93001CAE7B /* Products */,
			);
			sourceTree = "<group>";
		};
		3655DA6322951D93001CAE7B /* Products */ = {
			isa = PBXGroup;
			children = (
				3655DA6222951D93001CAE7B /* TFY_PickerView.app */,
				3655DA7A22951D95001CAE7B /* TFY_PickerViewTests.xctest */,
				3655DA8522951D95001CAE7B /* TFY_PickerViewUITests.xctest */,
			);
			name = Products;
			sourceTree = "<group>";
		};
		3655DA6422951D93001CAE7B /* TFY_PickerView */ = {
			isa = PBXGroup;
			children = (
				3655DAAA22951E12001CAE7B /* AppDelegate */,
				3655DA9722951E12001CAE7B /* Controller */,
				3655DA9A22951E12001CAE7B /* TFY_PickerView */,
				3655DA6B22951D94001CAE7B /* Main.storyboard */,
				3655DA6E22951D94001CAE7B /* Assets.xcassets */,
				3655DA7022951D94001CAE7B /* LaunchScreen.storyboard */,
				3655DA7322951D94001CAE7B /* Info.plist */,
				3655DA7422951D94001CAE7B /* main.m */,
			);
			path = TFY_PickerView;
			sourceTree = "<group>";
		};
		3655DA7D22951D95001CAE7B /* TFY_PickerViewTests */ = {
			isa = PBXGroup;
			children = (
				3655DA7E22951D95001CAE7B /* TFY_PickerViewTests.m */,
				3655DA8022951D95001CAE7B /* Info.plist */,
			);
			path = TFY_PickerViewTests;
			sourceTree = "<group>";
		};
		3655DA8822951D95001CAE7B /* TFY_PickerViewUITests */ = {
			isa = PBXGroup;
			children = (
				3655DA8922951D95001CAE7B /* TFY_PickerViewUITests.m */,
				3655DA8B22951D95001CAE7B /* Info.plist */,
			);
			path = TFY_PickerViewUITests;
			sourceTree = "<group>";
		};
		3655DA9722951E12001CAE7B /* Controller */ = {
			isa = PBXGroup;
			children = (
				3655DA9922951E12001CAE7B /* ViewController.h */,
				3655DA9822951E12001CAE7B /* ViewController.m */,
			);
			path = Controller;
			sourceTree = "<group>";
		};
		3655DA9A22951E12001CAE7B /* TFY_PickerView */ = {
			isa = PBXGroup;
			children = (
				3638B05B25087F8000F71DC7 /* TFY_PickerView.h */,
				5670F5182466826700B16011 /* TFY_Address */,
				5670F5102466826700B16011 /* TFY_Date */,
				5670F50C2466826700B16011 /* TFY_Macro */,
				5670F5152466826700B16011 /* TFY_String */,
				361BB3B92A03A9BB002E39AE /* TFY_PickerView.bundle */,
				3655DAA322951E12001CAE7B /* TFY_CityBundle.bundle */,
			);
			path = TFY_PickerView;
			sourceTree = "<group>";
		};
		3655DAAA22951E12001CAE7B /* AppDelegate */ = {
			isa = PBXGroup;
			children = (
				3655DAAB22951E12001CAE7B /* AppDelegate.h */,
				3655DAAC22951E12001CAE7B /* AppDelegate.m */,
			);
			path = AppDelegate;
			sourceTree = "<group>";
		};
		5670F50C2466826700B16011 /* TFY_Macro */ = {
			isa = PBXGroup;
			children = (
				5670F50D2466826700B16011 /* TFY_PickerViewMacro.h */,
				5670F50E2466826700B16011 /* TFY_BaseView.h */,
				5670F50F2466826700B16011 /* TFY_BaseView.m */,
				361BB3B62A03A819002E39AE /* NSBundle+PickerView.h */,
				361BB3B72A03A819002E39AE /* NSBundle+PickerView.m */,
				361BB3BB2A03A9EE002E39AE /* TFY_PickerStyle.h */,
				361BB3BC2A03A9EE002E39AE /* TFY_PickerStyle.m */,
			);
			path = TFY_Macro;
			sourceTree = "<group>";
		};
		5670F5102466826700B16011 /* TFY_Date */ = {
			isa = PBXGroup;
			children = (
				5670F5132466826700B16011 /* TFY_DatePickerView.h */,
				5670F5122466826700B16011 /* TFY_DatePickerView.m */,
				5670F5112466826700B16011 /* NSDate+TFY_PickerView.h */,
				5670F5142466826700B16011 /* NSDate+TFY_PickerView.m */,
				361BB3BE2A03B139002E39AE /* TFY_DatePickerView+picker.h */,
				361BB3BF2A03B139002E39AE /* TFY_DatePickerView+picker.m */,
			);
			path = TFY_Date;
			sourceTree = "<group>";
		};
		5670F5152466826700B16011 /* TFY_String */ = {
			isa = PBXGroup;
			children = (
				5670F5162466826700B16011 /* TFY_StringPickerView.h */,
				5670F5172466826700B16011 /* TFY_StringPickerView.m */,
				361BB3C12A03B750002E39AE /* TFY_ResultModel.h */,
				361BB3C22A03B750002E39AE /* TFY_ResultModel.m */,
			);
			path = TFY_String;
			sourceTree = "<group>";
		};
		5670F5182466826700B16011 /* TFY_Address */ = {
			isa = PBXGroup;
			children = (
				5670F5192466826700B16011 /* TFY_AddressModel.h */,
				5670F51E2466826700B16011 /* TFY_AddressModel.m */,
				5670F51C2466826700B16011 /* TFY_AddressPickerView.h */,
				5670F51B2466826700B16011 /* TFY_AddressPickerView.m */,
			);
			path = TFY_Address;
			sourceTree = "<group>";
		};
/* End PBXGroup section */

/* Begin PBXNativeTarget section */
		3655DA6122951D93001CAE7B /* TFY_PickerView */ = {
			isa = PBXNativeTarget;
			buildConfigurationList = 3655DA8E22951D95001CAE7B /* Build configuration list for PBXNativeTarget "TFY_PickerView" */;
			buildPhases = (
				3655DA5E22951D93001CAE7B /* Sources */,
				3655DA5F22951D93001CAE7B /* Frameworks */,
				3655DA6022951D93001CAE7B /* Resources */,
			);
			buildRules = (
			);
			dependencies = (
			);
			name = TFY_PickerView;
			productName = TFY_PickerView;
			productReference = 3655DA6222951D93001CAE7B /* TFY_PickerView.app */;
			productType = "com.apple.product-type.application";
		};
		3655DA7922951D95001CAE7B /* TFY_PickerViewTests */ = {
			isa = PBXNativeTarget;
			buildConfigurationList = 3655DA9122951D95001CAE7B /* Build configuration list for PBXNativeTarget "TFY_PickerViewTests" */;
			buildPhases = (
				3655DA7622951D95001CAE7B /* Sources */,
				3655DA7722951D95001CAE7B /* Frameworks */,
				3655DA7822951D95001CAE7B /* Resources */,
			);
			buildRules = (
			);
			dependencies = (
				3655DA7C22951D95001CAE7B /* PBXTargetDependency */,
			);
			name = TFY_PickerViewTests;
			productName = TFY_PickerViewTests;
			productReference = 3655DA7A22951D95001CAE7B /* TFY_PickerViewTests.xctest */;
			productType = "com.apple.product-type.bundle.unit-test";
		};
		3655DA8422951D95001CAE7B /* TFY_PickerViewUITests */ = {
			isa = PBXNativeTarget;
			buildConfigurationList = 3655DA9422951D95001CAE7B /* Build configuration list for PBXNativeTarget "TFY_PickerViewUITests" */;
			buildPhases = (
				3655DA8122951D95001CAE7B /* Sources */,
				3655DA8222951D95001CAE7B /* Frameworks */,
				3655DA8322951D95001CAE7B /* Resources */,
			);
			buildRules = (
			);
			dependencies = (
				3655DA8722951D95001CAE7B /* PBXTargetDependency */,
			);
			name = TFY_PickerViewUITests;
			productName = TFY_PickerViewUITests;
			productReference = 3655DA8522951D95001CAE7B /* TFY_PickerViewUITests.xctest */;
			productType = "com.apple.product-type.bundle.ui-testing";
		};
/* End PBXNativeTarget section */

/* Begin PBXProject section */
		3655DA5A22951D93001CAE7B /* Project object */ = {
			isa = PBXProject;
			attributes = {
				BuildIndependentTargetsInParallel = YES;
				LastUpgradeCheck = 1430;
				ORGANIZATIONNAME = "恋机科技";
				TargetAttributes = {
					3655DA6122951D93001CAE7B = {
						CreatedOnToolsVersion = 10.2.1;
					};
					3655DA7922951D95001CAE7B = {
						CreatedOnToolsVersion = 10.2.1;
						TestTargetID = 3655DA6122951D93001CAE7B;
					};
					3655DA8422951D95001CAE7B = {
						CreatedOnToolsVersion = 10.2.1;
						TestTargetID = 3655DA6122951D93001CAE7B;
					};
				};
			};
			buildConfigurationList = 3655DA5D22951D93001CAE7B /* Build configuration list for PBXProject "TFY_PickerView" */;
			compatibilityVersion = "Xcode 9.3";
			developmentRegion = en;
			hasScannedForEncodings = 0;
			knownRegions = (
				en,
				Base,
			);
			mainGroup = 3655DA5922951D93001CAE7B;
			productRefGroup = 3655DA6322951D93001CAE7B /* Products */;
			projectDirPath = "";
			projectRoot = "";
			targets = (
				3655DA6122951D93001CAE7B /* TFY_PickerView */,
				3655DA7922951D95001CAE7B /* TFY_PickerViewTests */,
				3655DA8422951D95001CAE7B /* TFY_PickerViewUITests */,
			);
		};
/* End PBXProject section */

/* Begin PBXResourcesBuildPhase section */
		3655DA6022951D93001CAE7B /* Resources */ = {
			isa = PBXResourcesBuildPhase;
			buildActionMask = 2147483647;
			files = (
				361BB3BA2A03A9BB002E39AE /* TFY_PickerView.bundle in Resources */,
				3655DA7222951D94001CAE7B /* LaunchScreen.storyboard in Resources */,
				3655DA6F22951D94001CAE7B /* Assets.xcassets in Resources */,
				3655DAB022951E12001CAE7B /* TFY_CityBundle.bundle in Resources */,
				3655DA6D22951D94001CAE7B /* Main.storyboard in Resources */,
			);
			runOnlyForDeploymentPostprocessing = 0;
		};
		3655DA7822951D95001CAE7B /* Resources */ = {
			isa = PBXResourcesBuildPhase;
			buildActionMask = 2147483647;
			files = (
			);
			runOnlyForDeploymentPostprocessing = 0;
		};
		3655DA8322951D95001CAE7B /* Resources */ = {
			isa = PBXResourcesBuildPhase;
			buildActionMask = 2147483647;
			files = (
			);
			runOnlyForDeploymentPostprocessing = 0;
		};
/* End PBXResourcesBuildPhase section */

/* Begin PBXSourcesBuildPhase section */
		3655DA5E22951D93001CAE7B /* Sources */ = {
			isa = PBXSourcesBuildPhase;
			buildActionMask = 2147483647;
			files = (
				361BB3C02A03B139002E39AE /* TFY_DatePickerView+picker.m in Sources */,
				5670F5222466826700B16011 /* TFY_StringPickerView.m in Sources */,
				5670F5242466826700B16011 /* TFY_AddressPickerView.m in Sources */,
				3655DAB522951E12001CAE7B /* AppDelegate.m in Sources */,
				5670F51F2466826700B16011 /* TFY_BaseView.m in Sources */,
				5670F5202466826700B16011 /* TFY_DatePickerView.m in Sources */,
				5670F5212466826700B16011 /* NSDate+TFY_PickerView.m in Sources */,
				3655DAAD22951E12001CAE7B /* ViewController.m in Sources */,
				3655DA7522951D94001CAE7B /* main.m in Sources */,
				361BB3C32A03B750002E39AE /* TFY_ResultModel.m in Sources */,
				5670F5252466826700B16011 /* TFY_AddressModel.m in Sources */,
				361BB3BD2A03A9EE002E39AE /* TFY_PickerStyle.m in Sources */,
				361BB3B82A03A819002E39AE /* NSBundle+PickerView.m in Sources */,
			);
			runOnlyForDeploymentPostprocessing = 0;
		};
		3655DA7622951D95001CAE7B /* Sources */ = {
			isa = PBXSourcesBuildPhase;
			buildActionMask = 2147483647;
			files = (
				3655DA7F22951D95001CAE7B /* TFY_PickerViewTests.m in Sources */,
			);
			runOnlyForDeploymentPostprocessing = 0;
		};
		3655DA8122951D95001CAE7B /* Sources */ = {
			isa = PBXSourcesBuildPhase;
			buildActionMask = 2147483647;
			files = (
				3655DA8A22951D95001CAE7B /* TFY_PickerViewUITests.m in Sources */,
			);
			runOnlyForDeploymentPostprocessing = 0;
		};
/* End PBXSourcesBuildPhase section */

/* Begin PBXTargetDependency section */
		3655DA7C22951D95001CAE7B /* PBXTargetDependency */ = {
			isa = PBXTargetDependency;
			target = 3655DA6122951D93001CAE7B /* TFY_PickerView */;
			targetProxy = 3655DA7B22951D95001CAE7B /* PBXContainerItemProxy */;
		};
		3655DA8722951D95001CAE7B /* PBXTargetDependency */ = {
			isa = PBXTargetDependency;
			target = 3655DA6122951D93001CAE7B /* TFY_PickerView */;
			targetProxy = 3655DA8622951D95001CAE7B /* PBXContainerItemProxy */;
		};
/* End PBXTargetDependency section */

/* Begin PBXVariantGroup section */
		3655DA6B22951D94001CAE7B /* Main.storyboard */ = {
			isa = PBXVariantGroup;
			children = (
				3655DA6C22951D94001CAE7B /* Base */,
			);
			name = Main.storyboard;
			sourceTree = "<group>";
		};
		3655DA7022951D94001CAE7B /* LaunchScreen.storyboard */ = {
			isa = PBXVariantGroup;
			children = (
				3655DA7122951D94001CAE7B /* Base */,
			);
			name = LaunchScreen.storyboard;
			sourceTree = "<group>";
		};
/* End PBXVariantGroup section */

/* Begin XCBuildConfiguration section */
		3655DA8C22951D95001CAE7B /* Debug */ = {
			isa = XCBuildConfiguration;
			buildSettings = {
				ALWAYS_SEARCH_USER_PATHS = NO;
				CLANG_ANALYZER_NONNULL = YES;
				CLANG_ANALYZER_NUMBER_OBJECT_CONVERSION = YES_AGGRESSIVE;
				CLANG_CXX_LANGUAGE_STANDARD = "gnu++14";
				CLANG_CXX_LIBRARY = "libc++";
				CLANG_ENABLE_MODULES = YES;
				CLANG_ENABLE_OBJC_ARC = YES;
				CLANG_ENABLE_OBJC_WEAK = YES;
				CLANG_WARN_BLOCK_CAPTURE_AUTORELEASING = YES;
				CLANG_WARN_BOOL_CONVERSION = YES;
				CLANG_WARN_COMMA = YES;
				CLANG_WARN_CONSTANT_CONVERSION = YES;
				CLANG_WARN_DEPRECATED_OBJC_IMPLEMENTATIONS = YES;
				CLANG_WARN_DIRECT_OBJC_ISA_USAGE = YES_ERROR;
				CLANG_WARN_DOCUMENTATION_COMMENTS = YES;
				CLANG_WARN_EMPTY_BODY = YES;
				CLANG_WARN_ENUM_CONVERSION = YES;
				CLANG_WARN_INFINITE_RECURSION = YES;
				CLANG_WARN_INT_CONVERSION = YES;
				CLANG_WARN_NON_LITERAL_NULL_CONVERSION = YES;
				CLANG_WARN_OBJC_IMPLICIT_RETAIN_SELF = YES;
				CLANG_WARN_OBJC_LITERAL_CONVERSION = YES;
				CLANG_WARN_OBJC_ROOT_CLASS = YES_ERROR;
				CLANG_WARN_QUOTED_INCLUDE_IN_FRAMEWORK_HEADER = YES;
				CLANG_WARN_RANGE_LOOP_ANALYSIS = YES;
				CLANG_WARN_STRICT_PROTOTYPES = YES;
				CLANG_WARN_SUSPICIOUS_MOVE = YES;
				CLANG_WARN_UNGUARDED_AVAILABILITY = YES_AGGRESSIVE;
				CLANG_WARN_UNREACHABLE_CODE = YES;
				CLANG_WARN__DUPLICATE_METHOD_MATCH = YES;
				CODE_SIGN_IDENTITY = "iPhone Developer";
				COPY_PHASE_STRIP = NO;
				DEBUG_INFORMATION_FORMAT = dwarf;
				ENABLE_STRICT_OBJC_MSGSEND = YES;
				ENABLE_TESTABILITY = YES;
				GCC_C_LANGUAGE_STANDARD = gnu11;
				GCC_DYNAMIC_NO_PIC = NO;
				GCC_NO_COMMON_BLOCKS = YES;
				GCC_OPTIMIZATION_LEVEL = 0;
				GCC_PREPROCESSOR_DEFINITIONS = (
					"DEBUG=1",
					"$(inherited)",
				);
				GCC_WARN_64_TO_32_BIT_CONVERSION = YES;
				GCC_WARN_ABOUT_RETURN_TYPE = YES_ERROR;
				GCC_WARN_UNDECLARED_SELECTOR = YES;
				GCC_WARN_UNINITIALIZED_AUTOS = YES_AGGRESSIVE;
				GCC_WARN_UNUSED_FUNCTION = YES;
				GCC_WARN_UNUSED_VARIABLE = YES;
				IPHONEOS_DEPLOYMENT_TARGET = 16.4;
				MTL_ENABLE_DEBUG_INFO = INCLUDE_SOURCE;
				MTL_FAST_MATH = YES;
				ONLY_ACTIVE_ARCH = YES;
				SDKROOT = iphoneos;
			};
			name = Debug;
		};
		3655DA8D22951D95001CAE7B /* Release */ = {
			isa = XCBuildConfiguration;
			buildSettings = {
				ALWAYS_SEARCH_USER_PATHS = NO;
				CLANG_ANALYZER_NONNULL = YES;
				CLANG_ANALYZER_NUMBER_OBJECT_CONVERSION = YES_AGGRESSIVE;
				CLANG_CXX_LANGUAGE_STANDARD = "gnu++14";
				CLANG_CXX_LIBRARY = "libc++";
				CLANG_ENABLE_MODULES = YES;
				CLANG_ENABLE_OBJC_ARC = YES;
				CLANG_ENABLE_OBJC_WEAK = YES;
				CLANG_WARN_BLOCK_CAPTURE_AUTORELEASING = YES;
				CLANG_WARN_BOOL_CONVERSION = YES;
				CLANG_WARN_COMMA = YES;
				CLANG_WARN_CONSTANT_CONVERSION = YES;
				CLANG_WARN_DEPRECATED_OBJC_IMPLEMENTATIONS = YES;
				CLANG_WARN_DIRECT_OBJC_ISA_USAGE = YES_ERROR;
				CLANG_WARN_DOCUMENTATION_COMMENTS = YES;
				CLANG_WARN_EMPTY_BODY = YES;
				CLANG_WARN_ENUM_CONVERSION = YES;
				CLANG_WARN_INFINITE_RECURSION = YES;
				CLANG_WARN_INT_CONVERSION = YES;
				CLANG_WARN_NON_LITERAL_NULL_CONVERSION = YES;
				CLANG_WARN_OBJC_IMPLICIT_RETAIN_SELF = YES;
				CLANG_WARN_OBJC_LITERAL_CONVERSION = YES;
				CLANG_WARN_OBJC_ROOT_CLASS = YES_ERROR;
				CLANG_WARN_QUOTED_INCLUDE_IN_FRAMEWORK_HEADER = YES;
				CLANG_WARN_RANGE_LOOP_ANALYSIS = YES;
				CLANG_WARN_STRICT_PROTOTYPES = YES;
				CLANG_WARN_SUSPICIOUS_MOVE = YES;
				CLANG_WARN_UNGUARDED_AVAILABILITY = YES_AGGRESSIVE;
				CLANG_WARN_UNREACHABLE_CODE = YES;
				CLANG_WARN__DUPLICATE_METHOD_MATCH = YES;
				CODE_SIGN_IDENTITY = "iPhone Developer";
				COPY_PHASE_STRIP = NO;
				DEBUG_INFORMATION_FORMAT = "dwarf-with-dsym";
				ENABLE_NS_ASSERTIONS = NO;
				ENABLE_STRICT_OBJC_MSGSEND = YES;
				GCC_C_LANGUAGE_STANDARD = gnu11;
				GCC_NO_COMMON_BLOCKS = YES;
				GCC_WARN_64_TO_32_BIT_CONVERSION = YES;
				GCC_WARN_ABOUT_RETURN_TYPE = YES_ERROR;
				GCC_WARN_UNDECLARED_SELECTOR = YES;
				GCC_WARN_UNINITIALIZED_AUTOS = YES_AGGRESSIVE;
				GCC_WARN_UNUSED_FUNCTION = YES;
				GCC_WARN_UNUSED_VARIABLE = YES;
				IPHONEOS_DEPLOYMENT_TARGET = 16.4;
				MTL_ENABLE_DEBUG_INFO = NO;
				MTL_FAST_MATH = YES;
				SDKROOT = iphoneos;
				VALIDATE_PRODUCT = YES;
			};
			name = Release;
		};
		3655DA8F22951D95001CAE7B /* Debug */ = {
			isa = XCBuildConfiguration;
			buildSettings = {
				ASSETCATALOG_COMPILER_APPICON_NAME = AppIcon;
				CODE_SIGN_STYLE = Automatic;
				DEVELOPMENT_TEAM = W27SB687KJ;
				INFOPLIST_FILE = TFY_PickerView/Info.plist;
				IPHONEOS_DEPLOYMENT_TARGET = 12.0;
				LD_RUNPATH_SEARCH_PATHS = (
					"$(inherited)",
					"@executable_path/Frameworks",
				);
				PRODUCT_BUNDLE_IDENTIFIER = "com.LianQianLianjiCompany.TFY-PickerView";
				PRODUCT_NAME = "$(TARGET_NAME)";
				TARGETED_DEVICE_FAMILY = 1;
			};
			name = Debug;
		};
		3655DA9022951D95001CAE7B /* Release */ = {
			isa = XCBuildConfiguration;
			buildSettings = {
				ASSETCATALOG_COMPILER_APPICON_NAME = AppIcon;
				CODE_SIGN_STYLE = Automatic;
				DEVELOPMENT_TEAM = W27SB687KJ;
				INFOPLIST_FILE = TFY_PickerView/Info.plist;
				IPHONEOS_DEPLOYMENT_TARGET = 12.0;
				LD_RUNPATH_SEARCH_PATHS = (
					"$(inherited)",
					"@executable_path/Frameworks",
				);
				PRODUCT_BUNDLE_IDENTIFIER = "com.LianQianLianjiCompany.TFY-PickerView";
				PRODUCT_NAME = "$(TARGET_NAME)";
				TARGETED_DEVICE_FAMILY = 1;
			};
			name = Release;
		};
		3655DA9222951D95001CAE7B /* Debug */ = {
			isa = XCBuildConfiguration;
			buildSettings = {
				BUNDLE_LOADER = "$(TEST_HOST)";
				CODE_SIGN_STYLE = Automatic;
				DEVELOPMENT_TEAM = SEXG86U92J;
				INFOPLIST_FILE = TFY_PickerViewTests/Info.plist;
				IPHONEOS_DEPLOYMENT_TARGET = 12.0;
				LD_RUNPATH_SEARCH_PATHS = (
					"$(inherited)",
					"@executable_path/Frameworks",
					"@loader_path/Frameworks",
				);
				PRODUCT_BUNDLE_IDENTIFIER = "com.LianQianLianjiCompany.TFY-PickerViewTests";
				PRODUCT_NAME = "$(TARGET_NAME)";
				TARGETED_DEVICE_FAMILY = "1,2";
				TEST_HOST = "$(BUILT_PRODUCTS_DIR)/TFY_PickerView.app/TFY_PickerView";
			};
			name = Debug;
		};
		3655DA9322951D95001CAE7B /* Release */ = {
			isa = XCBuildConfiguration;
			buildSettings = {
				BUNDLE_LOADER = "$(TEST_HOST)";
				CODE_SIGN_STYLE = Automatic;
				DEVELOPMENT_TEAM = SEXG86U92J;
				INFOPLIST_FILE = TFY_PickerViewTests/Info.plist;
				IPHONEOS_DEPLOYMENT_TARGET = 12.0;
				LD_RUNPATH_SEARCH_PATHS = (
					"$(inherited)",
					"@executable_path/Frameworks",
					"@loader_path/Frameworks",
				);
				PRODUCT_BUNDLE_IDENTIFIER = "com.LianQianLianjiCompany.TFY-PickerViewTests";
				PRODUCT_NAME = "$(TARGET_NAME)";
				TARGETED_DEVICE_FAMILY = "1,2";
				TEST_HOST = "$(BUILT_PRODUCTS_DIR)/TFY_PickerView.app/TFY_PickerView";
			};
			name = Release;
		};
		3655DA9522951D95001CAE7B /* Debug */ = {
			isa = XCBuildConfiguration;
			buildSettings = {
				CODE_SIGN_STYLE = Automatic;
				DEVELOPMENT_TEAM = SEXG86U92J;
				INFOPLIST_FILE = TFY_PickerViewUITests/Info.plist;
				IPHONEOS_DEPLOYMENT_TARGET = 12.0;
				LD_RUNPATH_SEARCH_PATHS = (
					"$(inherited)",
					"@executable_path/Frameworks",
					"@loader_path/Frameworks",
				);
				PRODUCT_BUNDLE_IDENTIFIER = "com.LianQianLianjiCompany.TFY-PickerViewUITests";
				PRODUCT_NAME = "$(TARGET_NAME)";
				TARGETED_DEVICE_FAMILY = "1,2";
				TEST_TARGET_NAME = TFY_PickerView;
			};
			name = Debug;
		};
		3655DA9622951D95001CAE7B /* Release */ = {
			isa = XCBuildConfiguration;
			buildSettings = {
				CODE_SIGN_STYLE = Automatic;
				DEVELOPMENT_TEAM = SEXG86U92J;
				INFOPLIST_FILE = TFY_PickerViewUITests/Info.plist;
				IPHONEOS_DEPLOYMENT_TARGET = 12.0;
				LD_RUNPATH_SEARCH_PATHS = (
					"$(inherited)",
					"@executable_path/Frameworks",
					"@loader_path/Frameworks",
				);
				PRODUCT_BUNDLE_IDENTIFIER = "com.LianQianLianjiCompany.TFY-PickerViewUITests";
				PRODUCT_NAME = "$(TARGET_NAME)";
				TARGETED_DEVICE_FAMILY = "1,2";
				TEST_TARGET_NAME = TFY_PickerView;
			};
			name = Release;
		};
/* End XCBuildConfiguration section */

/* Begin XCConfigurationList section */
		3655DA5D22951D93001CAE7B /* Build configuration list for PBXProject "TFY_PickerView" */ = {
			isa = XCConfigurationList;
			buildConfigurations = (
				3655DA8C22951D95001CAE7B /* Debug */,
				3655DA8D22951D95001CAE7B /* Release */,
			);
			defaultConfigurationIsVisible = 0;
			defaultConfigurationName = Release;
		};
		3655DA8E22951D95001CAE7B /* Build configuration list for PBXNativeTarget "TFY_PickerView" */ = {
			isa = XCConfigurationList;
			buildConfigurations = (
				3655DA8F22951D95001CAE7B /* Debug */,
				3655DA9022951D95001CAE7B /* Release */,
			);
			defaultConfigurationIsVisible = 0;
			defaultConfigurationName = Release;
		};
		3655DA9122951D95001CAE7B /* Build configuration list for PBXNativeTarget "TFY_PickerViewTests" */ = {
			isa = XCConfigurationList;
			buildConfigurations = (
				3655DA9222951D95001CAE7B /* Debug */,
				3655DA9322951D95001CAE7B /* Release */,
			);
			defaultConfigurationIsVisible = 0;
			defaultConfigurationName = Release;
		};
		3655DA9422951D95001CAE7B /* Build configuration list for PBXNativeTarget "TFY_PickerViewUITests" */ = {
			isa = XCConfigurationList;
			buildConfigurations = (
				3655DA9522951D95001CAE7B /* Debug */,
				3655DA9622951D95001CAE7B /* Release */,
			);
			defaultConfigurationIsVisible = 0;
			defaultConfigurationName = Release;
		};
/* End XCConfigurationList section */
	};
	rootObject = 3655DA5A22951D93001CAE7B /* Project object */;
}
